// !$*UTF8*$!
{
	archiveVersion = 1;
	classes = {
	};
	objectVersion = 51;
	objects = {

/* Begin PBXBuildFile section */
		5203FEB7245C2C8300F3FDC7 /* AppDelegate.swift in Sources */ = {isa = PBXBuildFile; fileRef = 5203FEB6245C2C8300F3FDC7 /* AppDelegate.swift */; };
		5203FEB9245C2C8300F3FDC7 /* SceneDelegate.swift in Sources */ = {isa = PBXBuildFile; fileRef = 5203FEB8245C2C8300F3FDC7 /* SceneDelegate.swift */; };
		5203FEBE245C2C8300F3FDC7 /* Main.storyboard in Resources */ = {isa = PBXBuildFile; fileRef = 5203FEBC245C2C8300F3FDC7 /* Main.storyboard */; };
		5203FEC0245C2C8600F3FDC7 /* Assets.xcassets in Resources */ = {isa = PBXBuildFile; fileRef = 5203FEBF245C2C8600F3FDC7 /* Assets.xcassets */; };
		5203FEC3245C2C8600F3FDC7 /* LaunchScreen.storyboard in Resources */ = {isa = PBXBuildFile; fileRef = 5203FEC1245C2C8600F3FDC7 /* LaunchScreen.storyboard */; };
		5203FECD245C306F00F3FDC7 /* AuthVC.swift in Sources */ = {isa = PBXBuildFile; fileRef = 5203FECC245C306E00F3FDC7 /* AuthVC.swift */; };
		5203FECF245C307700F3FDC7 /* PhoneNumberVC.swift in Sources */ = {isa = PBXBuildFile; fileRef = 5203FECE245C307700F3FDC7 /* PhoneNumberVC.swift */; };
		5203FED1245C307F00F3FDC7 /* CodeValidVC.swift in Sources */ = {isa = PBXBuildFile; fileRef = 5203FED0245C307F00F3FDC7 /* CodeValidVC.swift */; };
		5203FED3245C308E00F3FDC7 /* ContentVC.swift in Sources */ = {isa = PBXBuildFile; fileRef = 5203FED2245C308E00F3FDC7 /* ContentVC.swift */; };
		ADFF49A09547467CBD1D83A7 /* Pods_AuthWithPhone.framework in Frameworks */ = {isa = PBXBuildFile; fileRef = 3045CAEAD49531735BD7EB62 /* Pods_AuthWithPhone.framework */; };
		AE37BD762615EED8002CA752 /* AuthService.swift in Sources */ = {isa = PBXBuildFile; fileRef = AE37BD752615EED8002CA752 /* AuthService.swift */; };
		AE37BD792615EEF4002CA752 /* AuthError.swift in Sources */ = {isa = PBXBuildFile; fileRef = AE37BD782615EEF4002CA752 /* AuthError.swift */; };
		AE37BD7C2615EF16002CA752 /* Validators.swift in Sources */ = {isa = PBXBuildFile; fileRef = AE37BD7B2615EF16002CA752 /* Validators.swift */; };
		AE37BD822615EFED002CA752 /* UIViewController + Extension.swift in Sources */ = {isa = PBXBuildFile; fileRef = AE37BD812615EFED002CA752 /* UIViewController + Extension.swift */; };
		AE37BDE526170C8D002CA752 /* GoogleService-Info.plist in Resources */ = {isa = PBXBuildFile; fileRef = AE37BDE426170C8D002CA752 /* GoogleService-Info.plist */; };
/* End PBXBuildFile section */

/* Begin PBXFileReference section */
		3045CAEAD49531735BD7EB62 /* Pods_AuthWithPhone.framework */ = {isa = PBXFileReference; explicitFileType = wrapper.framework; includeInIndex = 0; path = Pods_AuthWithPhone.framework; sourceTree = BUILT_PRODUCTS_DIR; };
		5203FEB3245C2C8300F3FDC7 /* AuthWithPhone.app */ = {isa = PBXFileReference; explicitFileType = wrapper.application; includeInIndex = 0; path = AuthWithPhone.app; sourceTree = BUILT_PRODUCTS_DIR; };
		5203FEB6245C2C8300F3FDC7 /* AppDelegate.swift */ = {isa = PBXFileReference; lastKnownFileType = sourcecode.swift; path = AppDelegate.swift; sourceTree = "<group>"; };
		5203FEB8245C2C8300F3FDC7 /* SceneDelegate.swift */ = {isa = PBXFileReference; lastKnownFileType = sourcecode.swift; path = SceneDelegate.swift; sourceTree = "<group>"; };
		5203FEBD245C2C8300F3FDC7 /* Base */ = {isa = PBXFileReference; lastKnownFileType = file.storyboard; name = Base; path = Base.lproj/Main.storyboard; sourceTree = "<group>"; };
		5203FEBF245C2C8600F3FDC7 /* Assets.xcassets */ = {isa = PBXFileReference; lastKnownFileType = folder.assetcatalog; path = Assets.xcassets; sourceTree = "<group>"; };
		5203FEC2245C2C8600F3FDC7 /* Base */ = {isa = PBXFileReference; lastKnownFileType = file.storyboard; name = Base; path = Base.lproj/LaunchScreen.storyboard; sourceTree = "<group>"; };
		5203FEC4245C2C8600F3FDC7 /* Info.plist */ = {isa = PBXFileReference; lastKnownFileType = text.plist.xml; path = Info.plist; sourceTree = "<group>"; };
		5203FECC245C306E00F3FDC7 /* AuthVC.swift */ = {isa = PBXFileReference; fileEncoding = 4; lastKnownFileType = sourcecode.swift; path = AuthVC.swift; sourceTree = "<group>"; };
		5203FECE245C307700F3FDC7 /* PhoneNumberVC.swift */ = {isa = PBXFileReference; fileEncoding = 4; lastKnownFileType = sourcecode.swift; path = PhoneNumberVC.swift; sourceTree = "<group>"; };
		5203FED0245C307F00F3FDC7 /* CodeValidVC.swift */ = {isa = PBXFileReference; fileEncoding = 4; lastKnownFileType = sourcecode.swift; path = CodeValidVC.swift; sourceTree = "<group>"; };
		5203FED2245C308E00F3FDC7 /* ContentVC.swift */ = {isa = PBXFileReference; fileEncoding = 4; lastKnownFileType = sourcecode.swift; path = ContentVC.swift; sourceTree = "<group>"; };
		86BEFCE138A2AEA5C027A420 /* Pods-AuthWithPhone.release.xcconfig */ = {isa = PBXFileReference; includeInIndex = 1; lastKnownFileType = text.xcconfig; name = "Pods-AuthWithPhone.release.xcconfig"; path = "Pods/Target Support Files/Pods-AuthWithPhone/Pods-AuthWithPhone.release.xcconfig"; sourceTree = "<group>"; };
		AE37BD752615EED8002CA752 /* AuthService.swift */ = {isa = PBXFileReference; lastKnownFileType = sourcecode.swift; path = AuthService.swift; sourceTree = "<group>"; };
		AE37BD782615EEF4002CA752 /* AuthError.swift */ = {isa = PBXFileReference; lastKnownFileType = sourcecode.swift; path = AuthError.swift; sourceTree = "<group>"; };
		AE37BD7B2615EF16002CA752 /* Validators.swift */ = {isa = PBXFileReference; lastKnownFileType = sourcecode.swift; path = Validators.swift; sourceTree = "<group>"; };
		AE37BD812615EFED002CA752 /* UIViewController + Extension.swift */ = {isa = PBXFileReference; lastKnownFileType = sourcecode.swift; path = "UIViewController + Extension.swift"; sourceTree = "<group>"; };
		AE37BDE026170C30002CA752 /* AuthWithPhone.entitlements */ = {isa = PBXFileReference; lastKnownFileType = text.plist.entitlements; path = AuthWithPhone.entitlements; sourceTree = "<group>"; };
		AE37BDE426170C8D002CA752 /* GoogleService-Info.plist */ = {isa = PBXFileReference; fileEncoding = 4; lastKnownFileType = text.plist.xml; path = "GoogleService-Info.plist"; sourceTree = "<group>"; };
		CCAC39D3E678256A5A2DC36F /* Pods-AuthWithPhone.debug.xcconfig */ = {isa = PBXFileReference; includeInIndex = 1; lastKnownFileType = text.xcconfig; name = "Pods-AuthWithPhone.debug.xcconfig"; path = "Pods/Target Support Files/Pods-AuthWithPhone/Pods-AuthWithPhone.debug.xcconfig"; sourceTree = "<group>"; };
/* End PBXFileReference section */

/* Begin PBXFrameworksBuildPhase section */
		5203FEB0245C2C8300F3FDC7 /* Frameworks */ = {
			isa = PBXFrameworksBuildPhase;
			buildActionMask = 2147483647;
			files = (
				ADFF49A09547467CBD1D83A7 /* Pods_AuthWithPhone.framework in Frameworks */,
			);
			runOnlyForDeploymentPostprocessing = 0;
		};
/* End PBXFrameworksBuildPhase section */

/* Begin PBXGroup section */
		06F874E5647BE85497D37F6A /* Frameworks */ = {
			isa = PBXGroup;
			children = (
				3045CAEAD49531735BD7EB62 /* Pods_AuthWithPhone.framework */,
			);
			name = Frameworks;
			sourceTree = "<group>";
		};
		5203FEAA245C2C8300F3FDC7 = {
			isa = PBXGroup;
			children = (
				5203FEB5245C2C8300F3FDC7 /* AuthWithPhone */,
				5203FEB4245C2C8300F3FDC7 /* Products */,
				A68E558B77DC51D3ABA177C2 /* Pods */,
				06F874E5647BE85497D37F6A /* Frameworks */,
			);
			sourceTree = "<group>";
		};
		5203FEB4245C2C8300F3FDC7 /* Products */ = {
			isa = PBXGroup;
			children = (
				5203FEB3245C2C8300F3FDC7 /* AuthWithPhone.app */,
			);
			name = Products;
			sourceTree = "<group>";
		};
		5203FEB5245C2C8300F3FDC7 /* AuthWithPhone */ = {
			isa = PBXGroup;
			children = (
				AE37BDE026170C30002CA752 /* AuthWithPhone.entitlements */,
				5203FEB6245C2C8300F3FDC7 /* AppDelegate.swift */,
				5203FEB8245C2C8300F3FDC7 /* SceneDelegate.swift */,
				AE37BD7E2615EF1D002CA752 /* Auth */,
				5203FECC245C306E00F3FDC7 /* AuthVC.swift */,
				5203FECE245C307700F3FDC7 /* PhoneNumberVC.swift */,
				5203FED0245C307F00F3FDC7 /* CodeValidVC.swift */,
				5203FED2245C308E00F3FDC7 /* ContentVC.swift */,
				5203FEBC245C2C8300F3FDC7 /* Main.storyboard */,
				5203FEBF245C2C8600F3FDC7 /* Assets.xcassets */,
				5203FEC1245C2C8600F3FDC7 /* LaunchScreen.storyboard */,
				5203FEC4245C2C8600F3FDC7 /* Info.plist */,
				AE37BDE426170C8D002CA752 /* GoogleService-Info.plist */,
			);
			path = AuthWithPhone;
			sourceTree = "<group>";
		};
		A68E558B77DC51D3ABA177C2 /* Pods */ = {
			isa = PBXGroup;
			children = (
				CCAC39D3E678256A5A2DC36F /* Pods-AuthWithPhone.debug.xcconfig */,
				86BEFCE138A2AEA5C027A420 /* Pods-AuthWithPhone.release.xcconfig */,
			);
			name = Pods;
			sourceTree = "<group>";
		};
		AE37BD7E2615EF1D002CA752 /* Auth */ = {
			isa = PBXGroup;
			children = (
				AE37BD752615EED8002CA752 /* AuthService.swift */,
				AE37BD782615EEF4002CA752 /* AuthError.swift */,
				AE37BD7B2615EF16002CA752 /* Validators.swift */,
				AE37BD812615EFED002CA752 /* UIViewController + Extension.swift */,
			);
			path = Auth;
			sourceTree = "<group>";
		};
/* End PBXGroup section */

/* Begin PBXNativeTarget section */
		5203FEB2245C2C8300F3FDC7 /* AuthWithPhone */ = {
			isa = PBXNativeTarget;
			buildConfigurationList = 5203FEC7245C2C8600F3FDC7 /* Build configuration list for PBXNativeTarget "AuthWithPhone" */;
			buildPhases = (
				6D2241D282F1857D186461F1 /* [CP] Check Pods Manifest.lock */,
				5203FEAF245C2C8300F3FDC7 /* Sources */,
				5203FEB0245C2C8300F3FDC7 /* Frameworks */,
				5203FEB1245C2C8300F3FDC7 /* Resources */,
				DC1E020464BC20602D5C91DC /* [CP] Embed Pods Frameworks */,
				94078A1F10054DDE4FAE7B07 /* [CP] Copy Pods Resources */,
			);
			buildRules = (
			);
			dependencies = (
			);
			name = AuthWithPhone;
			productName = AuthWithPhone;
			productReference = 5203FEB3245C2C8300F3FDC7 /* AuthWithPhone.app */;
			productType = "com.apple.product-type.application";
		};
/* End PBXNativeTarget section */

/* Begin PBXProject section */
		5203FEAB245C2C8300F3FDC7 /* Project object */ = {
			isa = PBXProject;
			attributes = {
				LastSwiftUpdateCheck = 1120;
				LastUpgradeCheck = 1120;
				ORGANIZATIONNAME = "Alexey Lazukin";
				TargetAttributes = {
					5203FEB2245C2C8300F3FDC7 = {
						CreatedOnToolsVersion = 11.2.1;
					};
				};
			};
			buildConfigurationList = 5203FEAE245C2C8300F3FDC7 /* Build configuration list for PBXProject "AuthWithPhone" */;
			compatibilityVersion = "Xcode 9.3";
			developmentRegion = en;
			hasScannedForEncodings = 0;
			knownRegions = (
				en,
				Base,
			);
			mainGroup = 5203FEAA245C2C8300F3FDC7;
			productRefGroup = 5203FEB4245C2C8300F3FDC7 /* Products */;
			projectDirPath = "";
			projectRoot = "";
			targets = (
				5203FEB2245C2C8300F3FDC7 /* AuthWithPhone */,
			);
		};
/* End PBXProject section */

/* Begin PBXResourcesBuildPhase section */
		5203FEB1245C2C8300F3FDC7 /* Resources */ = {
			isa = PBXResourcesBuildPhase;
			buildActionMask = 2147483647;
			files = (
				5203FEC3245C2C8600F3FDC7 /* LaunchScreen.storyboard in Resources */,
				5203FEC0245C2C8600F3FDC7 /* Assets.xcassets in Resources */,
				AE37BDE526170C8D002CA752 /* GoogleService-Info.plist in Resources */,
				5203FEBE245C2C8300F3FDC7 /* Main.storyboard in Resources */,
			);
			runOnlyForDeploymentPostprocessing = 0;
		};
/* End PBXResourcesBuildPhase section */

/* Begin PBXShellScriptBuildPhase section */
		6D2241D282F1857D186461F1 /* [CP] Check Pods Manifest.lock */ = {
			isa = PBXShellScriptBuildPhase;
			buildActionMask = 2147483647;
			files = (
			);
			inputFileListPaths = (
			);
			inputPaths = (
				"${PODS_PODFILE_DIR_PATH}/Podfile.lock",
				"${PODS_ROOT}/Manifest.lock",
			);
			name = "[CP] Check Pods Manifest.lock";
			outputFileListPaths = (
			);
			outputPaths = (
				"$(DERIVED_FILE_DIR)/Pods-AuthWithPhone-checkManifestLockResult.txt",
			);
			runOnlyForDeploymentPostprocessing = 0;
			shellPath = /bin/sh;
			shellScript = "diff \"${PODS_PODFILE_DIR_PATH}/Podfile.lock\" \"${PODS_ROOT}/Manifest.lock\" > /dev/null\nif [ $? != 0 ] ; then\n    # print error to STDERR\n    echo \"error: The sandbox is not in sync with the Podfile.lock. Run 'pod install' or update your CocoaPods installation.\" >&2\n    exit 1\nfi\n# This output is used by Xcode 'outputs' to avoid re-running this script phase.\necho \"SUCCESS\" > \"${SCRIPT_OUTPUT_FILE_0}\"\n";
			showEnvVarsInLog = 0;
		};
		94078A1F10054DDE4FAE7B07 /* [CP] Copy Pods Resources */ = {
			isa = PBXShellScriptBuildPhase;
			buildActionMask = 2147483647;
			files = (
			);
			inputFileListPaths = (
				"${PODS_ROOT}/Target Support Files/Pods-AuthWithPhone/Pods-AuthWithPhone-resources-${CONFIGURATION}-input-files.xcfilelist",
			);
			name = "[CP] Copy Pods Resources";
			outputFileListPaths = (
				"${PODS_ROOT}/Target Support Files/Pods-AuthWithPhone/Pods-AuthWithPhone-resources-${CONFIGURATION}-output-files.xcfilelist",
			);
			runOnlyForDeploymentPostprocessing = 0;
			shellPath = /bin/sh;
			shellScript = "\"${PODS_ROOT}/Target Support Files/Pods-AuthWithPhone/Pods-AuthWithPhone-resources.sh\"\n";
			showEnvVarsInLog = 0;
		};
		DC1E020464BC20602D5C91DC /* [CP] Embed Pods Frameworks */ = {
			isa = PBXShellScriptBuildPhase;
			buildActionMask = 2147483647;
			files = (
			);
			inputFileListPaths = (
				"${PODS_ROOT}/Target Support Files/Pods-AuthWithPhone/Pods-AuthWithPhone-frameworks-${CONFIGURATION}-input-files.xcfilelist",
			);
			name = "[CP] Embed Pods Frameworks";
			outputFileListPaths = (
				"${PODS_ROOT}/Target Support Files/Pods-AuthWithPhone/Pods-AuthWithPhone-frameworks-${CONFIGURATION}-output-files.xcfilelist",
			);
			runOnlyForDeploymentPostprocessing = 0;
			shellPath = /bin/sh;
			shellScript = "\"${PODS_ROOT}/Target Support Files/Pods-AuthWithPhone/Pods-AuthWithPhone-frameworks.sh\"\n";
			showEnvVarsInLog = 0;
		};
/* End PBXShellScriptBuildPhase section */

/* Begin PBXSourcesBuildPhase section */
		5203FEAF245C2C8300F3FDC7 /* Sources */ = {
			isa = PBXSourcesBuildPhase;
			buildActionMask = 2147483647;
			files = (
				5203FECD245C306F00F3FDC7 /* AuthVC.swift in Sources */,
				5203FEB7245C2C8300F3FDC7 /* AppDelegate.swift in Sources */,
				5203FED3245C308E00F3FDC7 /* ContentVC.swift in Sources */,
				5203FED1245C307F00F3FDC7 /* CodeValidVC.swift in Sources */,
				5203FECF245C307700F3FDC7 /* PhoneNumberVC.swift in Sources */,
				5203FEB9245C2C8300F3FDC7 /* SceneDelegate.swift in Sources */,
				AE37BD822615EFED002CA752 /* UIViewController + Extension.swift in Sources */,
				AE37BD792615EEF4002CA752 /* AuthError.swift in Sources */,
				AE37BD762615EED8002CA752 /* AuthService.swift in Sources */,
				AE37BD7C2615EF16002CA752 /* Validators.swift in Sources */,
			);
			runOnlyForDeploymentPostprocessing = 0;
		};
/* End PBXSourcesBuildPhase section */

/* Begin PBXVariantGroup section */
		5203FEBC245C2C8300F3FDC7 /* Main.storyboard */ = {
			isa = PBXVariantGroup;
			children = (
				5203FEBD245C2C8300F3FDC7 /* Base */,
			);
			name = Main.storyboard;
			sourceTree = "<group>";
		};
		5203FEC1245C2C8600F3FDC7 /* LaunchScreen.storyboard */ = {
			isa = PBXVariantGroup;
			children = (
				5203FEC2245C2C8600F3FDC7 /* Base */,
			);
			name = LaunchScreen.storyboard;
			sourceTree = "<group>";
		};
/* End PBXVariantGroup section */

/* Begin XCBuildConfiguration section */
		5203FEC5245C2C8600F3FDC7 /* Debug */ = {
			isa = XCBuildConfiguration;
			buildSettings = {
				ALWAYS_SEARCH_USER_PATHS = NO;
				CLANG_ANALYZER_NONNULL = YES;
				CLANG_ANALYZER_NUMBER_OBJECT_CONVERSION = YES_AGGRESSIVE;
				CLANG_CXX_LANGUAGE_STANDARD = "gnu++14";
				CLANG_CXX_LIBRARY = "libc++";
				CLANG_ENABLE_MODULES = YES;
				CLANG_ENABLE_OBJC_ARC = YES;
				CLANG_ENABLE_OBJC_WEAK = YES;
				CLANG_WARN_BLOCK_CAPTURE_AUTORELEASING = YES;
				CLANG_WARN_BOOL_CONVERSION = YES;
				CLANG_WARN_COMMA = YES;
				CLANG_WARN_CONSTANT_CONVERSION = YES;
				CLANG_WARN_DEPRECATED_OBJC_IMPLEMENTATIONS = YES;
				CLANG_WARN_DIRECT_OBJC_ISA_USAGE = YES_ERROR;
				CLANG_WARN_DOCUMENTATION_COMMENTS = YES;
				CLANG_WARN_EMPTY_BODY = YES;
				CLANG_WARN_ENUM_CONVERSION = YES;
				CLANG_WARN_INFINITE_RECURSION = YES;
				CLANG_WARN_INT_CONVERSION = YES;
				CLANG_WARN_NON_LITERAL_NULL_CONVERSION = YES;
				CLANG_WARN_OBJC_IMPLICIT_RETAIN_SELF = YES;
				CLANG_WARN_OBJC_LITERAL_CONVERSION = YES;
				CLANG_WARN_OBJC_ROOT_CLASS = YES_ERROR;
				CLANG_WARN_RANGE_LOOP_ANALYSIS = YES;
				CLANG_WARN_STRICT_PROTOTYPES = YES;
				CLANG_WARN_SUSPICIOUS_MOVE = YES;
				CLANG_WARN_UNGUARDED_AVAILABILITY = YES_AGGRESSIVE;
				CLANG_WARN_UNREACHABLE_CODE = YES;
				CLANG_WARN__DUPLICATE_METHOD_MATCH = YES;
				COPY_PHASE_STRIP = NO;
				DEBUG_INFORMATION_FORMAT = dwarf;
				ENABLE_STRICT_OBJC_MSGSEND = YES;
				ENABLE_TESTABILITY = YES;
				GCC_C_LANGUAGE_STANDARD = gnu11;
				GCC_DYNAMIC_NO_PIC = NO;
				GCC_NO_COMMON_BLOCKS = YES;
				GCC_OPTIMIZATION_LEVEL = 0;
				GCC_PREPROCESSOR_DEFINITIONS = (
					"DEBUG=1",
					"$(inherited)",
				);
				GCC_WARN_64_TO_32_BIT_CONVERSION = YES;
				GCC_WARN_ABOUT_RETURN_TYPE = YES_ERROR;
				GCC_WARN_UNDECLARED_SELECTOR = YES;
				GCC_WARN_UNINITIALIZED_AUTOS = YES_AGGRESSIVE;
				GCC_WARN_UNUSED_FUNCTION = YES;
				GCC_WARN_UNUSED_VARIABLE = YES;
				IPHONEOS_DEPLOYMENT_TARGET = 13.0;
				MTL_ENABLE_DEBUG_INFO = INCLUDE_SOURCE;
				MTL_FAST_MATH = YES;
				ONLY_ACTIVE_ARCH = YES;
				SDKROOT = iphoneos;
				SWIFT_ACTIVE_COMPILATION_CONDITIONS = DEBUG;
				SWIFT_OPTIMIZATION_LEVEL = "-Onone";
			};
			name = Debug;
		};
		5203FEC6245C2C8600F3FDC7 /* Release */ = {
			isa = XCBuildConfiguration;
			buildSettings = {
				ALWAYS_SEARCH_USER_PATHS = NO;
				CLANG_ANALYZER_NONNULL = YES;
				CLANG_ANALYZER_NUMBER_OBJECT_CONVERSION = YES_AGGRESSIVE;
				CLANG_CXX_LANGUAGE_STANDARD = "gnu++14";
				CLANG_CXX_LIBRARY = "libc++";
				CLANG_ENABLE_MODULES = YES;
				CLANG_ENABLE_OBJC_ARC = YES;
				CLANG_ENABLE_OBJC_WEAK = YES;
				CLANG_WARN_BLOCK_CAPTURE_AUTORELEASING = YES;
				CLANG_WARN_BOOL_CONVERSION = YES;
				CLANG_WARN_COMMA = YES;
				CLANG_WARN_CONSTANT_CONVERSION = YES;
				CLANG_WARN_DEPRECATED_OBJC_IMPLEMENTATIONS = YES;
				CLANG_WARN_DIRECT_OBJC_ISA_USAGE = YES_ERROR;
				CLANG_WARN_DOCUMENTATION_COMMENTS = YES;
				CLANG_WARN_EMPTY_BODY = YES;
				CLANG_WARN_ENUM_CONVERSION = YES;
				CLANG_WARN_INFINITE_RECURSION = YES;
				CLANG_WARN_INT_CONVERSION = YES;
				CLANG_WARN_NON_LITERAL_NULL_CONVERSION = YES;
				CLANG_WARN_OBJC_IMPLICIT_RETAIN_SELF = YES;
				CLANG_WARN_OBJC_LITERAL_CONVERSION = YES;
				CLANG_WARN_OBJC_ROOT_CLASS = YES_ERROR;
				CLANG_WARN_RANGE_LOOP_ANALYSIS = YES;
				CLANG_WARN_STRICT_PROTOTYPES = YES;
				CLANG_WARN_SUSPICIOUS_MOVE = YES;
				CLANG_WARN_UNGUARDED_AVAILABILITY = YES_AGGRESSIVE;
				CLANG_WARN_UNREACHABLE_CODE = YES;
				CLANG_WARN__DUPLICATE_METHOD_MATCH = YES;
				COPY_PHASE_STRIP = NO;
				DEBUG_INFORMATION_FORMAT = "dwarf-with-dsym";
				ENABLE_NS_ASSERTIONS = NO;
				ENABLE_STRICT_OBJC_MSGSEND = YES;
				GCC_C_LANGUAGE_STANDARD = gnu11;
				GCC_NO_COMMON_BLOCKS = YES;
				GCC_WARN_64_TO_32_BIT_CONVERSION = YES;
				GCC_WARN_ABOUT_RETURN_TYPE = YES_ERROR;
				GCC_WARN_UNDECLARED_SELECTOR = YES;
				GCC_WARN_UNINITIALIZED_AUTOS = YES_AGGRESSIVE;
				GCC_WARN_UNUSED_FUNCTION = YES;
				GCC_WARN_UNUSED_VARIABLE = YES;
				IPHONEOS_DEPLOYMENT_TARGET = 13.0;
				MTL_ENABLE_DEBUG_INFO = NO;
				MTL_FAST_MATH = YES;
				SDKROOT = iphoneos;
				SWIFT_COMPILATION_MODE = wholemodule;
				SWIFT_OPTIMIZATION_LEVEL = "-O";
				VALIDATE_PRODUCT = YES;
			};
			name = Release;
		};
		5203FEC8245C2C8600F3FDC7 /* Debug */ = {
			isa = XCBuildConfiguration;
			baseConfigurationReference = CCAC39D3E678256A5A2DC36F /* Pods-AuthWithPhone.debug.xcconfig */;
			buildSettings = {
				ASSETCATALOG_COMPILER_APPICON_NAME = AppIcon;
				CODE_SIGN_ENTITLEMENTS = AuthWithPhone/AuthWithPhone.entitlements;
				CODE_SIGN_STYLE = Automatic;
				DEVELOPMENT_TEAM = TSZQ4D456H;
				INFOPLIST_FILE = AuthWithPhone/Info.plist;
				IPHONEOS_DEPLOYMENT_TARGET = 13.0;
				LD_RUNPATH_SEARCH_PATHS = (
					"$(inherited)",
					"@executable_path/Frameworks",
				);
				PRODUCT_BUNDLE_IDENTIFIER = alexey.authWithPhone.AuthWithPhone;
				PRODUCT_NAME = "$(TARGET_NAME)";
				SWIFT_VERSION = 5.0;
				TARGETED_DEVICE_FAMILY = 1;
			};
			name = Debug;
		};
		5203FEC9245C2C8600F3FDC7 /* Release */ = {
			isa = XCBuildConfiguration;
			baseConfigurationReference = 86BEFCE138A2AEA5C027A420 /* Pods-AuthWithPhone.release.xcconfig */;
			buildSettings = {
				ASSETCATALOG_COMPILER_APPICON_NAME = AppIcon;
				CODE_SIGN_ENTITLEMENTS = AuthWithPhone/AuthWithPhone.entitlements;
				CODE_SIGN_STYLE = Automatic;
				DEVELOPMENT_TEAM = TSZQ4D456H;
				INFOPLIST_FILE = AuthWithPhone/Info.plist;
				IPHONEOS_DEPLOYMENT_TARGET = 13.0;
				LD_RUNPATH_SEARCH_PATHS = (
					"$(inherited)",
					"@executable_path/Frameworks",
				);
				PRODUCT_BUNDLE_IDENTIFIER = alexey.authWithPhone.AuthWithPhone;
				PRODUCT_NAME = "$(TARGET_NAME)";
				SWIFT_VERSION = 5.0;
				TARGETED_DEVICE_FAMILY = 1;
			};
			name = Release;
		};
/* End XCBuildConfiguration section */

/* Begin XCConfigurationList section */
		5203FEAE245C2C8300F3FDC7 /* Build configuration list for PBXProject "AuthWithPhone" */ = {
			isa = XCConfigurationList;
			buildConfigurations = (
				5203FEC5245C2C8600F3FDC7 /* Debug */,
				5203FEC6245C2C8600F3FDC7 /* Release */,
			);
			defaultConfigurationIsVisible = 0;
			defaultConfigurationName = Release;
		};
		5203FEC7245C2C8600F3FDC7 /* Build configuration list for PBXNativeTarget "AuthWithPhone" */ = {
			isa = XCConfigurationList;
			buildConfigurations = (
				5203FEC8245C2C8600F3FDC7 /* Debug */,
				5203FEC9245C2C8600F3FDC7 /* Release */,
			);
			defaultConfigurationIsVisible = 0;
			defaultConfigurationName = Release;
		};
/* End XCConfigurationList section */
	};
	rootObject = 5203FEAB245C2C8300F3FDC7 /* Project object */;
}
